
Microsoft Visual Studio Solution File, Format Version 12.00
Project("{FAE04EC0-301F-11D3-BF4B-00C04F79EFBC}") = "Shamazon", "Shamazon\Shamazon.csproj", "{702C9619-9229-4A97-A6B2-D53F9C3CF661}"
EndProject
Global
	GlobalSection(SolutionConfigurationPlatforms) = preSolution
		Debug|Any CPU = Debug|Any CPU
		Release|Any CPU = Release|Any CPU
	EndGlobalSection
	GlobalSection(ProjectConfigurationPlatforms) = postSolution
		{702C9619-9229-4A97-A6B2-D53F9C3CF661}.Debug|Any CPU.ActiveCfg = Debug|Any CPU
		{702C9619-9229-4A97-A6B2-D53F9C3CF661}.Debug|Any CPU.Build.0 = Debug|Any CPU
		{702C9619-9229-4A97-A6B2-D53F9C3CF661}.Release|Any CPU.ActiveCfg = Release|Any CPU
		{702C9619-9229-4A97-A6B2-D53F9C3CF661}.Release|Any CPU.Build.0 = Release|Any CPU
	EndGlobalSection
EndGlobal
